
Microsoft Visual Studio Solution File, Format Version 12.00
# Visual Studio Version 16
VisualStudioVersion = 16.0.30523.141
MinimumVisualStudioVersion = 10.0.40219.1
Project("{2150E333-8FDC-42A3-9474-1A3956D46DE8}") = "DocumentAnalyzerAPI.Domain", "DocumentAnalyzerAPI.Domain", "{7B5F9107-A25D-4B26-B028-3EE1D61CD15D}"
EndProject
Project("{2150E333-8FDC-42A3-9474-1A3956D46DE8}") = "DocumentAnalyzerAPI.Application", "DocumentAnalyzerAPI.Application", "{F58A17B3-671B-4DE7-974A-01C3C2ECC4D1}"
EndProject
Project("{2150E333-8FDC-42A3-9474-1A3956D46DE8}") = "DocumentAnalyzerAPI.Infraestructure.Data", "DocumentAnalyzerAPI.Infraestructure.Data", "{BC872A74-24B2-4A07-AEBD-27980E8EF69F}"
EndProject
Project("{2150E333-8FDC-42A3-9474-1A3956D46DE8}") = "DocumentAnalyzerAPI.Infraestructure.IoC", "DocumentAnalyzerAPI.Infraestructure.IoC", "{061A9FB4-F2F9-499E-99B8-47E538904B17}"
EndProject
Project("{2150E333-8FDC-42A3-9474-1A3956D46DE8}") = "DocumentAnalyzerAPI.UI.MVC", "DocumentAnalyzerAPI.UI.MVC", "{808B2EC2-E849-4B98-BC2E-30159B390FDD}"
EndProject
Project("{9A19103F-16F7-4668-BE54-9A1E7A4F7556}") = "DocumentAnalyzerAPI.MVC", "DocumentAnalyzerAPI.MVC\DocumentAnalyzerAPI.MVC.csproj", "{73EF5D5F-38BE-4D11-876A-6AA1006F1E38}"
EndProject
Project("{9A19103F-16F7-4668-BE54-9A1E7A4F7556}") = "DocumentAnalyzerAPI.D", "DocumentAnalyzerAPI.D\DocumentAnalyzerAPI.D.csproj", "{2844E7FB-150B-481E-AB23-1C6D02670AFC}"
EndProject
Project("{9A19103F-16F7-4668-BE54-9A1E7A4F7556}") = "DocumentAnalyzerAPI.I.D", "DocumentAnalyzerAPI.I.D\DocumentAnalyzerAPI.I.D.csproj", "{C5F1C933-9B7D-4E2C-9B1D-266CD466F396}"
EndProject
Project("{9A19103F-16F7-4668-BE54-9A1E7A4F7556}") = "DocumentAnalyzerAPI.A", "DocumentAnalyzerAPI.A\DocumentAnalyzerAPI.A.csproj", "{A1143F8C-843C-41C0-BDFD-D88689ABD250}"
EndProject
Project("{9A19103F-16F7-4668-BE54-9A1E7A4F7556}") = "DocumentAnalyzerAPI.I.IoC", "DocumentAnalyzerAPI.I.IoC\DocumentAnalyzerAPI.I.IoC.csproj", "{4180A504-88F9-429C-8570-F37B57521CE9}"
EndProject
Project("{2150E333-8FDC-42A3-9474-1A3956D46DE8}") = "DocumentAnalyzerAPI.Test", "DocumentAnalyzerAPI.Test", "{0331A4B2-F1E9-4887-A02D-D6CBD63948CF}"
EndProject
Project("{FAE04EC0-301F-11D3-BF4B-00C04F79EFBC}") = "DocumentAnalyzerAPI.T", "DocumentAnalyzerAPI.T\DocumentAnalyzerAPI.T.csproj", "{1902E6C7-543E-47DE-95F3-3032C6CFFA61}"
EndProject
Global
	GlobalSection(SolutionConfigurationPlatforms) = preSolution
		Debug|Any CPU = Debug|Any CPU
		Release|Any CPU = Release|Any CPU
	EndGlobalSection
	GlobalSection(ProjectConfigurationPlatforms) = postSolution
		{73EF5D5F-38BE-4D11-876A-6AA1006F1E38}.Debug|Any CPU.ActiveCfg = Debug|Any CPU
		{73EF5D5F-38BE-4D11-876A-6AA1006F1E38}.Debug|Any CPU.Build.0 = Debug|Any CPU
		{73EF5D5F-38BE-4D11-876A-6AA1006F1E38}.Release|Any CPU.ActiveCfg = Release|Any CPU
		{73EF5D5F-38BE-4D11-876A-6AA1006F1E38}.Release|Any CPU.Build.0 = Release|Any CPU
		{2844E7FB-150B-481E-AB23-1C6D02670AFC}.Debug|Any CPU.ActiveCfg = Debug|Any CPU
		{2844E7FB-150B-481E-AB23-1C6D02670AFC}.Debug|Any CPU.Build.0 = Debug|Any CPU
		{2844E7FB-150B-481E-AB23-1C6D02670AFC}.Release|Any CPU.ActiveCfg = Release|Any CPU
		{2844E7FB-150B-481E-AB23-1C6D02670AFC}.Release|Any CPU.Build.0 = Release|Any CPU
		{C5F1C933-9B7D-4E2C-9B1D-266CD466F396}.Debug|Any CPU.ActiveCfg = Debug|Any CPU
		{C5F1C933-9B7D-4E2C-9B1D-266CD466F396}.Debug|Any CPU.Build.0 = Debug|Any CPU
		{C5F1C933-9B7D-4E2C-9B1D-266CD466F396}.Release|Any CPU.ActiveCfg = Release|Any CPU
		{C5F1C933-9B7D-4E2C-9B1D-266CD466F396}.Release|Any CPU.Build.0 = Release|Any CPU
		{A1143F8C-843C-41C0-BDFD-D88689ABD250}.Debug|Any CPU.ActiveCfg = Debug|Any CPU
		{A1143F8C-843C-41C0-BDFD-D88689ABD250}.Debug|Any CPU.Build.0 = Debug|Any CPU
		{A1143F8C-843C-41C0-BDFD-D88689ABD250}.Release|Any CPU.ActiveCfg = Release|Any CPU
		{A1143F8C-843C-41C0-BDFD-D88689ABD250}.Release|Any CPU.Build.0 = Release|Any CPU
		{4180A504-88F9-429C-8570-F37B57521CE9}.Debug|Any CPU.ActiveCfg = Debug|Any CPU
		{4180A504-88F9-429C-8570-F37B57521CE9}.Debug|Any CPU.Build.0 = Debug|Any CPU
		{4180A504-88F9-429C-8570-F37B57521CE9}.Release|Any CPU.ActiveCfg = Release|Any CPU
		{4180A504-88F9-429C-8570-F37B57521CE9}.Release|Any CPU.Build.0 = Release|Any CPU
		{1902E6C7-543E-47DE-95F3-3032C6CFFA61}.Debug|Any CPU.ActiveCfg = Debug|Any CPU
		{1902E6C7-543E-47DE-95F3-3032C6CFFA61}.Debug|Any CPU.Build.0 = Debug|Any CPU
		{1902E6C7-543E-47DE-95F3-3032C6CFFA61}.Release|Any CPU.ActiveCfg = Release|Any CPU
		{1902E6C7-543E-47DE-95F3-3032C6CFFA61}.Release|Any CPU.Build.0 = Release|Any CPU
	EndGlobalSection
	GlobalSection(SolutionProperties) = preSolution
		HideSolutionNode = FALSE
	EndGlobalSection
	GlobalSection(NestedProjects) = preSolution
		{73EF5D5F-38BE-4D11-876A-6AA1006F1E38} = {808B2EC2-E849-4B98-BC2E-30159B390FDD}
		{2844E7FB-150B-481E-AB23-1C6D02670AFC} = {7B5F9107-A25D-4B26-B028-3EE1D61CD15D}
		{C5F1C933-9B7D-4E2C-9B1D-266CD466F396} = {BC872A74-24B2-4A07-AEBD-27980E8EF69F}
		{A1143F8C-843C-41C0-BDFD-D88689ABD250} = {F58A17B3-671B-4DE7-974A-01C3C2ECC4D1}
		{4180A504-88F9-429C-8570-F37B57521CE9} = {061A9FB4-F2F9-499E-99B8-47E538904B17}
		{1902E6C7-543E-47DE-95F3-3032C6CFFA61} = {0331A4B2-F1E9-4887-A02D-D6CBD63948CF}
	EndGlobalSection
	GlobalSection(ExtensibilityGlobals) = postSolution
		SolutionGuid = {401B37D4-1084-45F4-A090-1E7173582A3F}
	EndGlobalSection
EndGlobal
